// !$*UTF8*$!
{
	archiveVersion = 1;
	classes = {
	};
	objectVersion = 46;
	objects = {

/* Begin PBXAggregateTarget section */
		4AD3F63966394EBEBDCB1B10 /* ZERO_CHECK */ = {
			isa = PBXAggregateTarget;
			buildConfigurationList = 185A2F1B97CD4ACE9EA13CA0 /* Build configuration list for PBXAggregateTarget "ZERO_CHECK" */;
			buildPhases = (
				0C4A077047FD41DA950E22C3 /* CMake Rules */,
			);
			dependencies = (
			);
			name = ZERO_CHECK;
			productName = ZERO_CHECK;
		};
		D322D8806A174571A6042B8C /* ALL_BUILD */ = {
			isa = PBXAggregateTarget;
			buildConfigurationList = 3DF20C193D734E1596036CB6 /* Build configuration list for PBXAggregateTarget "ALL_BUILD" */;
			buildPhases = (
				2441B85C282B45BC9FD59DED /* CMake Rules */,
			);
			dependencies = (
				820BCECB34BC42A2A34AFBF8 /* PBXTargetDependency */,
				7823CFA6EE89478F87F8B31F /* PBXTargetDependency */,
			);
			name = ALL_BUILD;
			productName = ALL_BUILD;
		};
/* End PBXAggregateTarget section */

/* Begin PBXBuildFile section */
		26485674A95849028CACF620 /* /Volumes/CarND/01_Self_Driving_Car_ND/T2/Proj4_PID_Controller/Proj/CarND-PID-Control-Project/src/main.cpp */ = {isa = PBXBuildFile; fileRef = 979FFE79055D42F09A27BA45 /* /Volumes/CarND/01_Self_Driving_Car_ND/T2/Proj4_PID_Controller/Proj/CarND-PID-Control-Project/src/main.cpp */; };
		749C46AFB6EE472BAE4CA5F2 /* /Volumes/CarND/01_Self_Driving_Car_ND/T2/Proj4_PID_Controller/Proj/CarND-PID-Control-Project/CMakeLists.txt */ = {isa = PBXBuildFile; fileRef = B36D46719B0B4E29980D20D3 /* /Volumes/CarND/01_Self_Driving_Car_ND/T2/Proj4_PID_Controller/Proj/CarND-PID-Control-Project/CMakeLists.txt */; };
		806541280F7C4A87AD624CDD /* /Volumes/CarND/01_Self_Driving_Car_ND/T2/Proj4_PID_Controller/Proj/CarND-PID-Control-Project/src/json.hpp */ = {isa = PBXBuildFile; fileRef = 307D1DE8B76C4FEB9D4751D8 /* /Volumes/CarND/01_Self_Driving_Car_ND/T2/Proj4_PID_Controller/Proj/CarND-PID-Control-Project/src/json.hpp */; };
		8FA55C96BCB34D5583B48527 /* /Volumes/CarND/01_Self_Driving_Car_ND/T2/Proj4_PID_Controller/Proj/CarND-PID-Control-Project/src/PID.cpp */ = {isa = PBXBuildFile; fileRef = 020C018729BE47D099AC5334 /* /Volumes/CarND/01_Self_Driving_Car_ND/T2/Proj4_PID_Controller/Proj/CarND-PID-Control-Project/src/PID.cpp */; };
		C896991A132A4DD992CF0A52 /* /Volumes/CarND/01_Self_Driving_Car_ND/T2/Proj4_PID_Controller/Proj/CarND-PID-Control-Project/src/PID.h */ = {isa = PBXBuildFile; fileRef = A6649C88F7374716B3D4B168 /* /Volumes/CarND/01_Self_Driving_Car_ND/T2/Proj4_PID_Controller/Proj/CarND-PID-Control-Project/src/PID.h */; };
/* End PBXBuildFile section */

/* Begin PBXBuildStyle section */
		5AEFFBA80C3B438F813264B4 /* Release */ = {
			isa = PBXBuildStyle;
			buildSettings = {
				COPY_PHASE_STRIP = NO;
			};
			name = Release;
		};
		606EFFDFDF89494CA29B8DF4 /* Debug */ = {
			isa = PBXBuildStyle;
			buildSettings = {
				COPY_PHASE_STRIP = NO;
			};
			name = Debug;
		};
		6AD4E5CC07124C069F3CF7BA /* RelWithDebInfo */ = {
			isa = PBXBuildStyle;
			buildSettings = {
				COPY_PHASE_STRIP = NO;
			};
			name = RelWithDebInfo;
		};
		DD23A9CB09534E45A024D56A /* MinSizeRel */ = {
			isa = PBXBuildStyle;
			buildSettings = {
				COPY_PHASE_STRIP = NO;
			};
			name = MinSizeRel;
		};
		F2AD6FA26E8A4A6CA3266778 = {
			isa = PBXBuildStyle;
		};
/* End PBXBuildStyle section */

/* Begin PBXContainerItemProxy section */
		1EED7C475D1E448A91B23808 /* PBXContainerItemProxy */ = {
			isa = PBXContainerItemProxy;
			containerPortal = 034E794F53ED4D5FA173FF20 /* Project object */;
			proxyType = 1;
			remoteGlobalIDString = 4AD3F63966394EBEBDCB1B10;
			remoteInfo = ZERO_CHECK;
		};
		7693CAB8A3B2447799DD9CB7 /* PBXContainerItemProxy */ = {
			isa = PBXContainerItemProxy;
			containerPortal = 034E794F53ED4D5FA173FF20 /* Project object */;
			proxyType = 1;
			remoteGlobalIDString = 4AD3F63966394EBEBDCB1B10;
			remoteInfo = ZERO_CHECK;
		};
		F2947B2BEB004CE48DF196CE /* PBXContainerItemProxy */ = {
			isa = PBXContainerItemProxy;
			containerPortal = 034E794F53ED4D5FA173FF20 /* Project object */;
			proxyType = 1;
			remoteGlobalIDString = 5C137905275D4919888F13A3;
			remoteInfo = pid;
		};
/* End PBXContainerItemProxy section */

/* Begin PBXFileReference section */
		020C018729BE47D099AC5334 /* /Volumes/CarND/01_Self_Driving_Car_ND/T2/Proj4_PID_Controller/Proj/CarND-PID-Control-Project/src/PID.cpp */ = {isa = PBXFileReference; explicitFileType = sourcecode.cpp.cpp; fileEncoding = 4; name = PID.cpp; path = src/PID.cpp; sourceTree = SOURCE_ROOT; };
		307D1DE8B76C4FEB9D4751D8 /* /Volumes/CarND/01_Self_Driving_Car_ND/T2/Proj4_PID_Controller/Proj/CarND-PID-Control-Project/src/json.hpp */ = {isa = PBXFileReference; explicitFileType = sourcecode.cpp.h; fileEncoding = 4; name = json.hpp; path = src/json.hpp; sourceTree = SOURCE_ROOT; };
		3AB0DDA553784764886B2E7F /* /Volumes/CarND/01_Self_Driving_Car_ND/T2/Proj4_PID_Controller/Proj/CarND-PID-Control-Project/CMakeLists.txt */ = {isa = PBXFileReference; explicitFileType = sourcecode.text; fileEncoding = 4; name = CMakeLists.txt; path = CMakeLists.txt; sourceTree = SOURCE_ROOT; };
		5F498F4C3DED48A4B9A0CB99 /* /Volumes/CarND/01_Self_Driving_Car_ND/T2/Proj4_PID_Controller/Proj/CarND-PID-Control-Project/CMakeLists.txt */ = {isa = PBXFileReference; explicitFileType = sourcecode.text; fileEncoding = 4; name = CMakeLists.txt; path = CMakeLists.txt; sourceTree = SOURCE_ROOT; };
		979FFE79055D42F09A27BA45 /* /Volumes/CarND/01_Self_Driving_Car_ND/T2/Proj4_PID_Controller/Proj/CarND-PID-Control-Project/src/main.cpp */ = {isa = PBXFileReference; explicitFileType = sourcecode.cpp.cpp; fileEncoding = 4; name = main.cpp; path = src/main.cpp; sourceTree = SOURCE_ROOT; };
		A546E1DAA9A04526B4C12DA9 /* pid */ = {isa = PBXFileReference; explicitFileType = "compiled.mach-o.executable"; path = pid; sourceTree = BUILT_PRODUCTS_DIR; };
		A6649C88F7374716B3D4B168 /* /Volumes/CarND/01_Self_Driving_Car_ND/T2/Proj4_PID_Controller/Proj/CarND-PID-Control-Project/src/PID.h */ = {isa = PBXFileReference; explicitFileType = sourcecode.c.h; fileEncoding = 4; name = PID.h; path = src/PID.h; sourceTree = SOURCE_ROOT; };
		B36D46719B0B4E29980D20D3 /* /Volumes/CarND/01_Self_Driving_Car_ND/T2/Proj4_PID_Controller/Proj/CarND-PID-Control-Project/CMakeLists.txt */ = {isa = PBXFileReference; explicitFileType = sourcecode.text; fileEncoding = 4; name = CMakeLists.txt; path = CMakeLists.txt; sourceTree = SOURCE_ROOT; };
/* End PBXFileReference section */

/* Begin PBXGroup section */
		05474BBE41A1473F899ABC56 /* Header Files */ = {
			isa = PBXGroup;
			children = (
				A6649C88F7374716B3D4B168 /* /Volumes/CarND/01_Self_Driving_Car_ND/T2/Proj4_PID_Controller/Proj/CarND-PID-Control-Project/src/PID.h */,
				307D1DE8B76C4FEB9D4751D8 /* /Volumes/CarND/01_Self_Driving_Car_ND/T2/Proj4_PID_Controller/Proj/CarND-PID-Control-Project/src/json.hpp */,
			);
			name = "Header Files";
			sourceTree = "<group>";
		};
		07DB911E9EEC417DB81825B1 /* Sources */ = {
			isa = PBXGroup;
			children = (
				3A29D699ACE2431DA7E773F7 /* pid */,
				C69B539918A74894A560259B /* ALL_BUILD */,
				EAC8580F11C94E5C932EAAB3 /* ZERO_CHECK */,
			);
			name = Sources;
			sourceTree = "<group>";
		};
		3A29D699ACE2431DA7E773F7 /* pid */ = {
			isa = PBXGroup;
			children = (
				D3772AEC46C040AB8FC7DE89 /* Source Files */,
				05474BBE41A1473F899ABC56 /* Header Files */,
				B36D46719B0B4E29980D20D3 /* /Volumes/CarND/01_Self_Driving_Car_ND/T2/Proj4_PID_Controller/Proj/CarND-PID-Control-Project/CMakeLists.txt */,
			);
			name = pid;
			sourceTree = "<group>";
		};
		478673DBC3DA45C4BA592410 /* CMake Rules */ = {
			isa = PBXGroup;
			children = (
			);
			name = "CMake Rules";
			sourceTree = "<group>";
		};
		5C30A659E37C4D008D1AF45A /* CMake Rules */ = {
			isa = PBXGroup;
			children = (
			);
			name = "CMake Rules";
			sourceTree = "<group>";
		};
		A2CE70A76490431A8AD78EF4 = {
			isa = PBXGroup;
			children = (
				07DB911E9EEC417DB81825B1 /* Sources */,
				BE2BF4B26A864FF3A8C6BC42 /* Resources */,
				E50200CC674E406FB4C0AFB2 /* Products */,
			);
			sourceTree = "<group>";
		};
		BE2BF4B26A864FF3A8C6BC42 /* Resources */ = {
			isa = PBXGroup;
			children = (
			);
			name = Resources;
			sourceTree = "<group>";
		};
		C69B539918A74894A560259B /* ALL_BUILD */ = {
			isa = PBXGroup;
			children = (
				5C30A659E37C4D008D1AF45A /* CMake Rules */,
				5F498F4C3DED48A4B9A0CB99 /* /Volumes/CarND/01_Self_Driving_Car_ND/T2/Proj4_PID_Controller/Proj/CarND-PID-Control-Project/CMakeLists.txt */,
			);
			name = ALL_BUILD;
			sourceTree = "<group>";
		};
		D3772AEC46C040AB8FC7DE89 /* Source Files */ = {
			isa = PBXGroup;
			children = (
				020C018729BE47D099AC5334 /* /Volumes/CarND/01_Self_Driving_Car_ND/T2/Proj4_PID_Controller/Proj/CarND-PID-Control-Project/src/PID.cpp */,
				979FFE79055D42F09A27BA45 /* /Volumes/CarND/01_Self_Driving_Car_ND/T2/Proj4_PID_Controller/Proj/CarND-PID-Control-Project/src/main.cpp */,
			);
			name = "Source Files";
			sourceTree = "<group>";
		};
		E50200CC674E406FB4C0AFB2 /* Products */ = {
			isa = PBXGroup;
			children = (
				A546E1DAA9A04526B4C12DA9 /* pid */,
			);
			name = Products;
			sourceTree = "<group>";
		};
		EAC8580F11C94E5C932EAAB3 /* ZERO_CHECK */ = {
			isa = PBXGroup;
			children = (
				478673DBC3DA45C4BA592410 /* CMake Rules */,
				3AB0DDA553784764886B2E7F /* /Volumes/CarND/01_Self_Driving_Car_ND/T2/Proj4_PID_Controller/Proj/CarND-PID-Control-Project/CMakeLists.txt */,
			);
			name = ZERO_CHECK;
			sourceTree = "<group>";
		};
/* End PBXGroup section */

/* Begin PBXNativeTarget section */
		5C137905275D4919888F13A3 /* pid */ = {
			isa = PBXNativeTarget;
			buildConfigurationList = DB4A65E131134079BCB60645 /* Build configuration list for PBXNativeTarget "pid" */;
			buildPhases = (
				755223F77B63446C95BA1E25 /* Sources */,
			);
			buildRules = (
			);
			dependencies = (
				E703128420B7497BB6259163 /* PBXTargetDependency */,
			);
			name = pid;
			productName = pid;
			productReference = A546E1DAA9A04526B4C12DA9 /* pid */;
			productType = "com.apple.product-type.tool";
		};
/* End PBXNativeTarget section */

/* Begin PBXProject section */
		034E794F53ED4D5FA173FF20 /* Project object */ = {
			isa = PBXProject;
			attributes = {
				BuildIndependentTargetsInParallel = YES;
				LastUpgradeCheck = 0830;
			};
			buildConfigurationList = 47392F4836A545A49657888D /* Build configuration list for PBXProject "PID" */;
			buildSettings = {
			};
			buildStyles = (
				606EFFDFDF89494CA29B8DF4 /* Debug */,
				5AEFFBA80C3B438F813264B4 /* Release */,
				DD23A9CB09534E45A024D56A /* MinSizeRel */,
				6AD4E5CC07124C069F3CF7BA /* RelWithDebInfo */,
			);
			compatibilityVersion = "Xcode 3.2";
			hasScannedForEncodings = 0;
			mainGroup = A2CE70A76490431A8AD78EF4;
			projectDirPath = ../;
			projectRoot = "";
			targets = (
				D322D8806A174571A6042B8C /* ALL_BUILD */,
				4AD3F63966394EBEBDCB1B10 /* ZERO_CHECK */,
				5C137905275D4919888F13A3 /* pid */,
			);
		};
/* End PBXProject section */

/* Begin PBXShellScriptBuildPhase section */
		0C4A077047FD41DA950E22C3 /* CMake Rules */ = {
			isa = PBXShellScriptBuildPhase;
			buildActionMask = 2147483647;
			files = (
			);
			name = "CMake Rules";
			runOnlyForDeploymentPostprocessing = 0;
			shellPath = /bin/sh;
			shellScript = "make -C /Volumes/CarND/01_Self_Driving_Car_ND/T2/Proj4_PID_Controller/Proj/CarND-PID-Control-Project/XCodeProj -f /Volumes/CarND/01_Self_Driving_Car_ND/T2/Proj4_PID_Controller/Proj/CarND-PID-Control-Project/XCodeProj/CMakeScripts/ZERO_CHECK_cmakeRulesBuildPhase.make$CONFIGURATION all";
			showEnvVarsInLog = 0;
		};
		2441B85C282B45BC9FD59DED /* CMake Rules */ = {
			isa = PBXShellScriptBuildPhase;
			buildActionMask = 2147483647;
			files = (
			);
			name = "CMake Rules";
			runOnlyForDeploymentPostprocessing = 0;
			shellPath = /bin/sh;
			shellScript = "make -C /Volumes/CarND/01_Self_Driving_Car_ND/T2/Proj4_PID_Controller/Proj/CarND-PID-Control-Project/XCodeProj -f /Volumes/CarND/01_Self_Driving_Car_ND/T2/Proj4_PID_Controller/Proj/CarND-PID-Control-Project/XCodeProj/CMakeScripts/ALL_BUILD_cmakeRulesBuildPhase.make$CONFIGURATION all";
			showEnvVarsInLog = 0;
		};
		64EAA8BE3B6C4B49ADA368DA = {
			isa = PBXShellScriptBuildPhase;
			buildActionMask = 2147483647;
			files = (
			);
			inputPaths = (
			);
			outputPaths = (
			);
			runOnlyForDeploymentPostprocessing = 0;
			shellPath = /bin/sh;
			shellScript = "# shell script goes here
exit 0";
			showEnvVarsInLog = 0;
		};
		E0B0265639684F92950467A1 = {
			isa = PBXShellScriptBuildPhase;
			buildActionMask = 2147483647;
			files = (
			);
			inputPaths = (
			);
			outputPaths = (
			);
			runOnlyForDeploymentPostprocessing = 0;
			shellPath = /bin/sh;
			shellScript = "# shell script goes here
exit 0";
			showEnvVarsInLog = 0;
		};
/* End PBXShellScriptBuildPhase section */

/* Begin PBXSourcesBuildPhase section */
		755223F77B63446C95BA1E25 /* Sources */ = {
			isa = PBXSourcesBuildPhase;
			buildActionMask = 2147483647;
			files = (
				8FA55C96BCB34D5583B48527 /* /Volumes/CarND/01_Self_Driving_Car_ND/T2/Proj4_PID_Controller/Proj/CarND-PID-Control-Project/src/PID.cpp */,
				26485674A95849028CACF620 /* /Volumes/CarND/01_Self_Driving_Car_ND/T2/Proj4_PID_Controller/Proj/CarND-PID-Control-Project/src/main.cpp */,
			);
			runOnlyForDeploymentPostprocessing = 0;
		};
/* End PBXSourcesBuildPhase section */

/* Begin PBXTargetDependency section */
		7823CFA6EE89478F87F8B31F /* PBXTargetDependency */ = {
			isa = PBXTargetDependency;
			target = 4AD3F63966394EBEBDCB1B10 /* ZERO_CHECK */;
			targetProxy = 1EED7C475D1E448A91B23808 /* PBXContainerItemProxy */;
		};
		820BCECB34BC42A2A34AFBF8 /* PBXTargetDependency */ = {
			isa = PBXTargetDependency;
			target = 5C137905275D4919888F13A3 /* pid */;
			targetProxy = F2947B2BEB004CE48DF196CE /* PBXContainerItemProxy */;
		};
		E703128420B7497BB6259163 /* PBXTargetDependency */ = {
			isa = PBXTargetDependency;
			target = 4AD3F63966394EBEBDCB1B10 /* ZERO_CHECK */;
			targetProxy = 7693CAB8A3B2447799DD9CB7 /* PBXContainerItemProxy */;
		};
/* End PBXTargetDependency section */

/* Begin XCBuildConfiguration section */
		0797A715CCE04D87BA91DE50 /* MinSizeRel */ = {
			isa = XCBuildConfiguration;
			buildSettings = {
				COMBINE_HIDPI_IMAGES = YES;
				GCC_GENERATE_DEBUGGING_SYMBOLS = YES;
				GCC_INLINES_ARE_PRIVATE_EXTERN = NO;
				GCC_OPTIMIZATION_LEVEL = 0;
				GCC_PREPROCESSOR_DEFINITIONS = ("'CMAKE_INTDIR=\"$(CONFIGURATION)$(EFFECTIVE_PLATFORM_NAME)\"'");
				GCC_SYMBOLS_PRIVATE_EXTERN = NO;
				HEADER_SEARCH_PATHS = (/usr/local/include,/usr/local/opt/openssl/include);
				INSTALL_PATH = "";
				OTHER_LDFLAGS = " ";
				OTHER_REZFLAGS = "";
				PRODUCT_NAME = ZERO_CHECK;
				SECTORDER_FLAGS = "";
				SYMROOT = "/Volumes/CarND/01_Self_Driving_Car_ND/T2/Proj4_PID_Controller/Proj/CarND-PID-Control-Project/XCodeProj";
				USE_HEADERMAP = NO;
				WARNING_CFLAGS = ("-Wmost","-Wno-four-char-constants","-Wno-unknown-pragmas","$(inherited)");
			};
			name = MinSizeRel;
		};
		4A4E050E31884F00BB3A19EB /* MinSizeRel */ = {
			isa = XCBuildConfiguration;
			buildSettings = {
				COMBINE_HIDPI_IMAGES = YES;
				GCC_GENERATE_DEBUGGING_SYMBOLS = YES;
				GCC_INLINES_ARE_PRIVATE_EXTERN = NO;
				GCC_OPTIMIZATION_LEVEL = 0;
				GCC_PREPROCESSOR_DEFINITIONS = ("'CMAKE_INTDIR=\"$(CONFIGURATION)$(EFFECTIVE_PLATFORM_NAME)\"'");
				GCC_SYMBOLS_PRIVATE_EXTERN = NO;
				HEADER_SEARCH_PATHS = (/usr/local/include,/usr/local/opt/openssl/include);
				INSTALL_PATH = "";
				OTHER_LDFLAGS = " ";
				OTHER_REZFLAGS = "";
				PRODUCT_NAME = ALL_BUILD;
				SECTORDER_FLAGS = "";
				SYMROOT = "/Volumes/CarND/01_Self_Driving_Car_ND/T2/Proj4_PID_Controller/Proj/CarND-PID-Control-Project/XCodeProj";
				USE_HEADERMAP = NO;
				WARNING_CFLAGS = ("-Wmost","-Wno-four-char-constants","-Wno-unknown-pragmas","$(inherited)");
			};
			name = MinSizeRel;
		};
		4D6EFF7A299242A2B7D28410 /* MinSizeRel */ = {
			isa = XCBuildConfiguration;
			buildSettings = {
				COMBINE_HIDPI_IMAGES = YES;
				EXECUTABLE_PREFIX = "";
				EXECUTABLE_SUFFIX = "";
				GCC_GENERATE_DEBUGGING_SYMBOLS = NO;
				GCC_INLINES_ARE_PRIVATE_EXTERN = NO;
				GCC_OPTIMIZATION_LEVEL = s;
				GCC_PREPROCESSOR_DEFINITIONS = ("'CMAKE_INTDIR=\"$(CONFIGURATION)$(EFFECTIVE_PLATFORM_NAME)\"'");
				GCC_SYMBOLS_PRIVATE_EXTERN = NO;
				HEADER_SEARCH_PATHS = (/usr/local/include,/usr/local/opt/openssl/include);
				INSTALL_PATH = "";
				LD_RUNPATH_SEARCH_PATHS = "/usr/local/lib /usr/local/opt/openssl/lib /usr/local/Cellar/libuv/1.11.0/lib";
				LIBRARY_SEARCH_PATHS = " /usr/local/lib/$(CONFIGURATION)$(EFFECTIVE_PLATFORM_NAME) /usr/local/lib /usr/local/opt/openssl/lib/$(CONFIGURATION)$(EFFECTIVE_PLATFORM_NAME) /usr/local/opt/openssl/lib /usr/local/Cellar/libuv/1.11.0/lib/$(CONFIGURATION)$(EFFECTIVE_PLATFORM_NAME) /usr/local/Cellar/libuv/1.11.0/lib";
				OTHER_CPLUSPLUSFLAGS = "-Wall     -DNDEBUG -I/usr/local/include -I/usr/local/opt/openssl/include    -std=c++11";
				OTHER_LDFLAGS = " -Wl,-search_paths_first -Wl,-headerpad_max_install_names  -lz -lssl -luv -luWS";
				OTHER_REZFLAGS = "";
				PRODUCT_NAME = pid;
				SECTORDER_FLAGS = "";
				SYMROOT = "/Volumes/CarND/01_Self_Driving_Car_ND/T2/Proj4_PID_Controller/Proj/CarND-PID-Control-Project/XCodeProj";
				USE_HEADERMAP = NO;
				WARNING_CFLAGS = ("-Wmost","-Wno-four-char-constants","-Wno-unknown-pragmas","$(inherited)");
			};
			name = MinSizeRel;
		};
		53E8B0FC29B24BE984B6C966 /* Debug */ = {
			isa = XCBuildConfiguration;
			buildSettings = {
				COMBINE_HIDPI_IMAGES = YES;
				EXECUTABLE_PREFIX = "";
				EXECUTABLE_SUFFIX = "";
				GCC_GENERATE_DEBUGGING_SYMBOLS = YES;
				GCC_INLINES_ARE_PRIVATE_EXTERN = NO;
				GCC_OPTIMIZATION_LEVEL = 0;
				GCC_PREPROCESSOR_DEFINITIONS = ("'CMAKE_INTDIR=\"$(CONFIGURATION)$(EFFECTIVE_PLATFORM_NAME)\"'");
				GCC_SYMBOLS_PRIVATE_EXTERN = NO;
				HEADER_SEARCH_PATHS = (/usr/local/include,/usr/local/opt/openssl/include);
				INSTALL_PATH = "";
				LD_RUNPATH_SEARCH_PATHS = "/usr/local/lib /usr/local/opt/openssl/lib /usr/local/Cellar/libuv/1.11.0/lib";
				LIBRARY_SEARCH_PATHS = " /usr/local/lib/$(CONFIGURATION)$(EFFECTIVE_PLATFORM_NAME) /usr/local/lib /usr/local/opt/openssl/lib/$(CONFIGURATION)$(EFFECTIVE_PLATFORM_NAME) /usr/local/opt/openssl/lib /usr/local/Cellar/libuv/1.11.0/lib/$(CONFIGURATION)$(EFFECTIVE_PLATFORM_NAME) /usr/local/Cellar/libuv/1.11.0/lib";
				OTHER_CPLUSPLUSFLAGS = "-Wall    -I/usr/local/include -I/usr/local/opt/openssl/include    -std=c++11";
				OTHER_LDFLAGS = " -Wl,-search_paths_first -Wl,-headerpad_max_install_names  -lz -lssl -luv -luWS";
				OTHER_REZFLAGS = "";
				PRODUCT_NAME = pid;
				SECTORDER_FLAGS = "";
				SYMROOT = "/Volumes/CarND/01_Self_Driving_Car_ND/T2/Proj4_PID_Controller/Proj/CarND-PID-Control-Project/XCodeProj";
				USE_HEADERMAP = NO;
				WARNING_CFLAGS = ("-Wmost","-Wno-four-char-constants","-Wno-unknown-pragmas","$(inherited)");
			};
			name = Debug;
		};
		5C775B3DDC8D4D56ACF29618 /* Release */ = {
			isa = XCBuildConfiguration;
			buildSettings = {
				ONLY_ACTIVE_ARCH = YES;
				SDKROOT = /Applications/Xcode.app/Contents/Developer/Platforms/MacOSX.platform/Developer/SDKs/MacOSX10.12.sdk;
				SYMROOT = "/Volumes/CarND/01_Self_Driving_Car_ND/T2/Proj4_PID_Controller/Proj/CarND-PID-Control-Project/XCodeProj/build";
			};
			name = Release;
		};
		60667848F31A4A30B4B436E7 /* Release */ = {
			isa = XCBuildConfiguration;
			buildSettings = {
				COMBINE_HIDPI_IMAGES = YES;
				GCC_GENERATE_DEBUGGING_SYMBOLS = YES;
				GCC_INLINES_ARE_PRIVATE_EXTERN = NO;
				GCC_OPTIMIZATION_LEVEL = 0;
				GCC_PREPROCESSOR_DEFINITIONS = ("'CMAKE_INTDIR=\"$(CONFIGURATION)$(EFFECTIVE_PLATFORM_NAME)\"'");
				GCC_SYMBOLS_PRIVATE_EXTERN = NO;
				HEADER_SEARCH_PATHS = (/usr/local/include,/usr/local/opt/openssl/include);
				INSTALL_PATH = "";
				OTHER_LDFLAGS = " ";
				OTHER_REZFLAGS = "";
				PRODUCT_NAME = ZERO_CHECK;
				SECTORDER_FLAGS = "";
				SYMROOT = "/Volumes/CarND/01_Self_Driving_Car_ND/T2/Proj4_PID_Controller/Proj/CarND-PID-Control-Project/XCodeProj";
				USE_HEADERMAP = NO;
				WARNING_CFLAGS = ("-Wmost","-Wno-four-char-constants","-Wno-unknown-pragmas","$(inherited)");
			};
			name = Release;
		};
		7BBE8D8321654DF7B19D7F90 /* RelWithDebInfo */ = {
			isa = XCBuildConfiguration;
			buildSettings = {
				COMBINE_HIDPI_IMAGES = YES;
				GCC_GENERATE_DEBUGGING_SYMBOLS = YES;
				GCC_INLINES_ARE_PRIVATE_EXTERN = NO;
				GCC_OPTIMIZATION_LEVEL = 0;
				GCC_PREPROCESSOR_DEFINITIONS = ("'CMAKE_INTDIR=\"$(CONFIGURATION)$(EFFECTIVE_PLATFORM_NAME)\"'");
				GCC_SYMBOLS_PRIVATE_EXTERN = NO;
				HEADER_SEARCH_PATHS = (/usr/local/include,/usr/local/opt/openssl/include);
				INSTALL_PATH = "";
				OTHER_LDFLAGS = " ";
				OTHER_REZFLAGS = "";
				PRODUCT_NAME = ALL_BUILD;
				SECTORDER_FLAGS = "";
				SYMROOT = "/Volumes/CarND/01_Self_Driving_Car_ND/T2/Proj4_PID_Controller/Proj/CarND-PID-Control-Project/XCodeProj";
				USE_HEADERMAP = NO;
				WARNING_CFLAGS = ("-Wmost","-Wno-four-char-constants","-Wno-unknown-pragmas","$(inherited)");
			};
			name = RelWithDebInfo;
		};
		83A28427693944AD93A6D50E /* MinSizeRel */ = {
			isa = XCBuildConfiguration;
			buildSettings = {
				ONLY_ACTIVE_ARCH = YES;
				SDKROOT = /Applications/Xcode.app/Contents/Developer/Platforms/MacOSX.platform/Developer/SDKs/MacOSX10.12.sdk;
				SYMROOT = "/Volumes/CarND/01_Self_Driving_Car_ND/T2/Proj4_PID_Controller/Proj/CarND-PID-Control-Project/XCodeProj/build";
			};
			name = MinSizeRel;
		};
		84F4B3B355C64F199508C4F6 /* Release */ = {
			isa = XCBuildConfiguration;
			buildSettings = {
				COMBINE_HIDPI_IMAGES = YES;
				GCC_GENERATE_DEBUGGING_SYMBOLS = YES;
				GCC_INLINES_ARE_PRIVATE_EXTERN = NO;
				GCC_OPTIMIZATION_LEVEL = 0;
				GCC_PREPROCESSOR_DEFINITIONS = ("'CMAKE_INTDIR=\"$(CONFIGURATION)$(EFFECTIVE_PLATFORM_NAME)\"'");
				GCC_SYMBOLS_PRIVATE_EXTERN = NO;
				HEADER_SEARCH_PATHS = (/usr/local/include,/usr/local/opt/openssl/include);
				INSTALL_PATH = "";
				OTHER_LDFLAGS = " ";
				OTHER_REZFLAGS = "";
				PRODUCT_NAME = ALL_BUILD;
				SECTORDER_FLAGS = "";
				SYMROOT = "/Volumes/CarND/01_Self_Driving_Car_ND/T2/Proj4_PID_Controller/Proj/CarND-PID-Control-Project/XCodeProj";
				USE_HEADERMAP = NO;
				WARNING_CFLAGS = ("-Wmost","-Wno-four-char-constants","-Wno-unknown-pragmas","$(inherited)");
			};
			name = Release;
		};
		8D9AFFE9E31A49818D1688FD /* Debug */ = {
			isa = XCBuildConfiguration;
			buildSettings = {
				ONLY_ACTIVE_ARCH = YES;
				SDKROOT = /Applications/Xcode.app/Contents/Developer/Platforms/MacOSX.platform/Developer/SDKs/MacOSX10.12.sdk;
				SYMROOT = "/Volumes/CarND/01_Self_Driving_Car_ND/T2/Proj4_PID_Controller/Proj/CarND-PID-Control-Project/XCodeProj/build";
			};
			name = Debug;
		};
		A21F5293F90A4E79A71C0155 /* Release */ = {
			isa = XCBuildConfiguration;
			buildSettings = {
				COMBINE_HIDPI_IMAGES = YES;
				EXECUTABLE_PREFIX = "";
				EXECUTABLE_SUFFIX = "";
				GCC_GENERATE_DEBUGGING_SYMBOLS = NO;
				GCC_INLINES_ARE_PRIVATE_EXTERN = NO;
				GCC_OPTIMIZATION_LEVEL = 3;
				GCC_PREPROCESSOR_DEFINITIONS = ("'CMAKE_INTDIR=\"$(CONFIGURATION)$(EFFECTIVE_PLATFORM_NAME)\"'");
				GCC_SYMBOLS_PRIVATE_EXTERN = NO;
				HEADER_SEARCH_PATHS = (/usr/local/include,/usr/local/opt/openssl/include);
				INSTALL_PATH = "";
				LD_RUNPATH_SEARCH_PATHS = "/usr/local/lib /usr/local/opt/openssl/lib /usr/local/Cellar/libuv/1.11.0/lib";
				LIBRARY_SEARCH_PATHS = " /usr/local/lib/$(CONFIGURATION)$(EFFECTIVE_PLATFORM_NAME) /usr/local/lib /usr/local/opt/openssl/lib/$(CONFIGURATION)$(EFFECTIVE_PLATFORM_NAME) /usr/local/opt/openssl/lib /usr/local/Cellar/libuv/1.11.0/lib/$(CONFIGURATION)$(EFFECTIVE_PLATFORM_NAME) /usr/local/Cellar/libuv/1.11.0/lib";
				OTHER_CPLUSPLUSFLAGS = "-Wall     -DNDEBUG -I/usr/local/include -I/usr/local/opt/openssl/include    -std=c++11";
				OTHER_LDFLAGS = " -Wl,-search_paths_first -Wl,-headerpad_max_install_names  -lz -lssl -luv -luWS";
				OTHER_REZFLAGS = "";
				PRODUCT_NAME = pid;
				SECTORDER_FLAGS = "";
				SYMROOT = "/Volumes/CarND/01_Self_Driving_Car_ND/T2/Proj4_PID_Controller/Proj/CarND-PID-Control-Project/XCodeProj";
				USE_HEADERMAP = NO;
				WARNING_CFLAGS = ("-Wmost","-Wno-four-char-constants","-Wno-unknown-pragmas","$(inherited)");
			};
			name = Release;
		};
		A68C94764C7D49879A4B229F /* RelWithDebInfo */ = {
			isa = XCBuildConfiguration;
			buildSettings = {
				COMBINE_HIDPI_IMAGES = YES;
				GCC_GENERATE_DEBUGGING_SYMBOLS = YES;
				GCC_INLINES_ARE_PRIVATE_EXTERN = NO;
				GCC_OPTIMIZATION_LEVEL = 0;
				GCC_PREPROCESSOR_DEFINITIONS = ("'CMAKE_INTDIR=\"$(CONFIGURATION)$(EFFECTIVE_PLATFORM_NAME)\"'");
				GCC_SYMBOLS_PRIVATE_EXTERN = NO;
				HEADER_SEARCH_PATHS = (/usr/local/include,/usr/local/opt/openssl/include);
				INSTALL_PATH = "";
				OTHER_LDFLAGS = " ";
				OTHER_REZFLAGS = "";
				PRODUCT_NAME = ZERO_CHECK;
				SECTORDER_FLAGS = "";
				SYMROOT = "/Volumes/CarND/01_Self_Driving_Car_ND/T2/Proj4_PID_Controller/Proj/CarND-PID-Control-Project/XCodeProj";
				USE_HEADERMAP = NO;
				WARNING_CFLAGS = ("-Wmost","-Wno-four-char-constants","-Wno-unknown-pragmas","$(inherited)");
			};
			name = RelWithDebInfo;
		};
		A9F7A7E780594597A607A65D /* Debug */ = {
			isa = XCBuildConfiguration;
			buildSettings = {
				COMBINE_HIDPI_IMAGES = YES;
				GCC_GENERATE_DEBUGGING_SYMBOLS = YES;
				GCC_INLINES_ARE_PRIVATE_EXTERN = NO;
				GCC_OPTIMIZATION_LEVEL = 0;
				GCC_PREPROCESSOR_DEFINITIONS = ("'CMAKE_INTDIR=\"$(CONFIGURATION)$(EFFECTIVE_PLATFORM_NAME)\"'");
				GCC_SYMBOLS_PRIVATE_EXTERN = NO;
				HEADER_SEARCH_PATHS = (/usr/local/include,/usr/local/opt/openssl/include);
				INSTALL_PATH = "";
				OTHER_LDFLAGS = " ";
				OTHER_REZFLAGS = "";
				PRODUCT_NAME = ALL_BUILD;
				SECTORDER_FLAGS = "";
				SYMROOT = "/Volumes/CarND/01_Self_Driving_Car_ND/T2/Proj4_PID_Controller/Proj/CarND-PID-Control-Project/XCodeProj";
				USE_HEADERMAP = NO;
				WARNING_CFLAGS = ("-Wmost","-Wno-four-char-constants","-Wno-unknown-pragmas","$(inherited)");
			};
			name = Debug;
		};
		DE7821A19A894BBE90C41C6A /* Debug */ = {
			isa = XCBuildConfiguration;
			buildSettings = {
				COMBINE_HIDPI_IMAGES = YES;
				GCC_GENERATE_DEBUGGING_SYMBOLS = YES;
				GCC_INLINES_ARE_PRIVATE_EXTERN = NO;
				GCC_OPTIMIZATION_LEVEL = 0;
				GCC_PREPROCESSOR_DEFINITIONS = ("'CMAKE_INTDIR=\"$(CONFIGURATION)$(EFFECTIVE_PLATFORM_NAME)\"'");
				GCC_SYMBOLS_PRIVATE_EXTERN = NO;
				HEADER_SEARCH_PATHS = (/usr/local/include,/usr/local/opt/openssl/include);
				INSTALL_PATH = "";
				OTHER_LDFLAGS = " ";
				OTHER_REZFLAGS = "";
				PRODUCT_NAME = ZERO_CHECK;
				SECTORDER_FLAGS = "";
				SYMROOT = "/Volumes/CarND/01_Self_Driving_Car_ND/T2/Proj4_PID_Controller/Proj/CarND-PID-Control-Project/XCodeProj";
				USE_HEADERMAP = NO;
				WARNING_CFLAGS = ("-Wmost","-Wno-four-char-constants","-Wno-unknown-pragmas","$(inherited)");
			};
			name = Debug;
		};
		EDAC11D73B554DE0BB430B95 /* RelWithDebInfo */ = {
			isa = XCBuildConfiguration;
			buildSettings = {
				COMBINE_HIDPI_IMAGES = YES;
				EXECUTABLE_PREFIX = "";
				EXECUTABLE_SUFFIX = "";
				GCC_GENERATE_DEBUGGING_SYMBOLS = YES;
				GCC_INLINES_ARE_PRIVATE_EXTERN = NO;
				GCC_OPTIMIZATION_LEVEL = 2;
				GCC_PREPROCESSOR_DEFINITIONS = ("'CMAKE_INTDIR=\"$(CONFIGURATION)$(EFFECTIVE_PLATFORM_NAME)\"'");
				GCC_SYMBOLS_PRIVATE_EXTERN = NO;
				HEADER_SEARCH_PATHS = (/usr/local/include,/usr/local/opt/openssl/include);
				INSTALL_PATH = "";
				LD_RUNPATH_SEARCH_PATHS = "/usr/local/lib /usr/local/opt/openssl/lib /usr/local/Cellar/libuv/1.11.0/lib";
				LIBRARY_SEARCH_PATHS = " /usr/local/lib/$(CONFIGURATION)$(EFFECTIVE_PLATFORM_NAME) /usr/local/lib /usr/local/opt/openssl/lib/$(CONFIGURATION)$(EFFECTIVE_PLATFORM_NAME) /usr/local/opt/openssl/lib /usr/local/Cellar/libuv/1.11.0/lib/$(CONFIGURATION)$(EFFECTIVE_PLATFORM_NAME) /usr/local/Cellar/libuv/1.11.0/lib";
				OTHER_CPLUSPLUSFLAGS = "-Wall        -DNDEBUG -I/usr/local/include -I/usr/local/opt/openssl/include    -std=c++11";
				OTHER_LDFLAGS = " -Wl,-search_paths_first -Wl,-headerpad_max_install_names  -lz -lssl -luv -luWS";
				OTHER_REZFLAGS = "";
				PRODUCT_NAME = pid;
				SECTORDER_FLAGS = "";
				SYMROOT = "/Volumes/CarND/01_Self_Driving_Car_ND/T2/Proj4_PID_Controller/Proj/CarND-PID-Control-Project/XCodeProj";
				USE_HEADERMAP = NO;
				WARNING_CFLAGS = ("-Wmost","-Wno-four-char-constants","-Wno-unknown-pragmas","$(inherited)");
			};
			name = RelWithDebInfo;
		};
		F2637793232D4CF098F19361 /* RelWithDebInfo */ = {
			isa = XCBuildConfiguration;
			buildSettings = {
				ONLY_ACTIVE_ARCH = YES;
				SDKROOT = /Applications/Xcode.app/Contents/Developer/Platforms/MacOSX.platform/Developer/SDKs/MacOSX10.12.sdk;
				SYMROOT = "/Volumes/CarND/01_Self_Driving_Car_ND/T2/Proj4_PID_Controller/Proj/CarND-PID-Control-Project/XCodeProj/build";
			};
			name = RelWithDebInfo;
		};
/* End XCBuildConfiguration section */

/* Begin XCConfigurationList section */
		185A2F1B97CD4ACE9EA13CA0 /* Build configuration list for PBXAggregateTarget "ZERO_CHECK" */ = {
			isa = XCConfigurationList;
			buildConfigurations = (
				DE7821A19A894BBE90C41C6A /* Debug */,
				60667848F31A4A30B4B436E7 /* Release */,
				0797A715CCE04D87BA91DE50 /* MinSizeRel */,
				A68C94764C7D49879A4B229F /* RelWithDebInfo */,
			);
			defaultConfigurationIsVisible = 0;
			defaultConfigurationName = Debug;
		};
		3DF20C193D734E1596036CB6 /* Build configuration list for PBXAggregateTarget "ALL_BUILD" */ = {
			isa = XCConfigurationList;
			buildConfigurations = (
				A9F7A7E780594597A607A65D /* Debug */,
				84F4B3B355C64F199508C4F6 /* Release */,
				4A4E050E31884F00BB3A19EB /* MinSizeRel */,
				7BBE8D8321654DF7B19D7F90 /* RelWithDebInfo */,
			);
			defaultConfigurationIsVisible = 0;
			defaultConfigurationName = Debug;
		};
		47392F4836A545A49657888D /* Build configuration list for PBXProject "PID" */ = {
			isa = XCConfigurationList;
			buildConfigurations = (
				8D9AFFE9E31A49818D1688FD /* Debug */,
				5C775B3DDC8D4D56ACF29618 /* Release */,
				83A28427693944AD93A6D50E /* MinSizeRel */,
				F2637793232D4CF098F19361 /* RelWithDebInfo */,
			);
			defaultConfigurationIsVisible = 0;
			defaultConfigurationName = Debug;
		};
		DB4A65E131134079BCB60645 /* Build configuration list for PBXNativeTarget "pid" */ = {
			isa = XCConfigurationList;
			buildConfigurations = (
				53E8B0FC29B24BE984B6C966 /* Debug */,
				A21F5293F90A4E79A71C0155 /* Release */,
				4D6EFF7A299242A2B7D28410 /* MinSizeRel */,
				EDAC11D73B554DE0BB430B95 /* RelWithDebInfo */,
			);
			defaultConfigurationIsVisible = 0;
			defaultConfigurationName = Debug;
		};
/* End XCConfigurationList section */
	};
	rootObject = 034E794F53ED4D5FA173FF20 /* Project object */;
}
